
Microsoft Visual Studio Solution File, Format Version 12.00
# Visual Studio 15
VisualStudioVersion = 15.0.26124.0
MinimumVisualStudioVersion = 15.0.26124.0
Project("{FAE04EC0-301F-11D3-BF4B-00C04F79EFBC}") = "Tspec", "Tspec\Tspec.csproj", "{1772CF55-F9EE-49D4-B857-ED0291682B30}"
EndProject
Project("{FAE04EC0-301F-11D3-BF4B-00C04F79EFBC}") = "Tspec.Demo", "Tspec.Demo\Tspec.Demo.csproj", "{ECB3C4BC-DD51-43BF-A99F-37BFD9AA8F30}"
EndProject
Project("{2150E333-8FDC-42A3-9474-1A3956D46DE8}") = "readme", "readme", "{CA76B831-9028-419C-9B84-6C1A1F1711F9}"
ProjectSection(SolutionItems) = preProject
	README.md = README.md
EndProjectSection
EndProject
Project("{FAE04EC0-301F-11D3-BF4B-00C04F79EFBC}") = "Tspec.WebApp", "Tspec.WebApp\Tspec.WebApp.csproj", "{7377C101-411A-41D8-996B-61AABC3E827E}"
EndProject
Project("{FAE04EC0-301F-11D3-BF4B-00C04F79EFBC}") = "Tspec.WebEditor", "Tspec.WebEditor\Tspec.WebEditor.csproj", "{C995DDE9-AA4A-4B27-90D8-FE9BD968D25C}"
EndProject
Global
	GlobalSection(SolutionConfigurationPlatforms) = preSolution
		Debug|Any CPU = Debug|Any CPU
		Debug|x64 = Debug|x64
		Debug|x86 = Debug|x86
		Release|Any CPU = Release|Any CPU
		Release|x64 = Release|x64
		Release|x86 = Release|x86
	EndGlobalSection
	GlobalSection(SolutionProperties) = preSolution
		HideSolutionNode = FALSE
	EndGlobalSection
	GlobalSection(ProjectConfigurationPlatforms) = postSolution
		{1772CF55-F9EE-49D4-B857-ED0291682B30}.Debug|Any CPU.ActiveCfg = Debug|Any CPU
		{1772CF55-F9EE-49D4-B857-ED0291682B30}.Debug|Any CPU.Build.0 = Debug|Any CPU
		{1772CF55-F9EE-49D4-B857-ED0291682B30}.Debug|x64.ActiveCfg = Debug|Any CPU
		{1772CF55-F9EE-49D4-B857-ED0291682B30}.Debug|x64.Build.0 = Debug|Any CPU
		{1772CF55-F9EE-49D4-B857-ED0291682B30}.Debug|x86.ActiveCfg = Debug|Any CPU
		{1772CF55-F9EE-49D4-B857-ED0291682B30}.Debug|x86.Build.0 = Debug|Any CPU
		{1772CF55-F9EE-49D4-B857-ED0291682B30}.Release|Any CPU.ActiveCfg = Release|Any CPU
		{1772CF55-F9EE-49D4-B857-ED0291682B30}.Release|Any CPU.Build.0 = Release|Any CPU
		{1772CF55-F9EE-49D4-B857-ED0291682B30}.Release|x64.ActiveCfg = Release|Any CPU
		{1772CF55-F9EE-49D4-B857-ED0291682B30}.Release|x64.Build.0 = Release|Any CPU
		{1772CF55-F9EE-49D4-B857-ED0291682B30}.Release|x86.ActiveCfg = Release|Any CPU
		{1772CF55-F9EE-49D4-B857-ED0291682B30}.Release|x86.Build.0 = Release|Any CPU
		{ECB3C4BC-DD51-43BF-A99F-37BFD9AA8F30}.Debug|Any CPU.ActiveCfg = Debug|Any CPU
		{ECB3C4BC-DD51-43BF-A99F-37BFD9AA8F30}.Debug|Any CPU.Build.0 = Debug|Any CPU
		{ECB3C4BC-DD51-43BF-A99F-37BFD9AA8F30}.Debug|x64.ActiveCfg = Debug|Any CPU
		{ECB3C4BC-DD51-43BF-A99F-37BFD9AA8F30}.Debug|x64.Build.0 = Debug|Any CPU
		{ECB3C4BC-DD51-43BF-A99F-37BFD9AA8F30}.Debug|x86.ActiveCfg = Debug|Any CPU
		{ECB3C4BC-DD51-43BF-A99F-37BFD9AA8F30}.Debug|x86.Build.0 = Debug|Any CPU
		{ECB3C4BC-DD51-43BF-A99F-37BFD9AA8F30}.Release|Any CPU.ActiveCfg = Release|Any CPU
		{ECB3C4BC-DD51-43BF-A99F-37BFD9AA8F30}.Release|Any CPU.Build.0 = Release|Any CPU
		{ECB3C4BC-DD51-43BF-A99F-37BFD9AA8F30}.Release|x64.ActiveCfg = Release|Any CPU
		{ECB3C4BC-DD51-43BF-A99F-37BFD9AA8F30}.Release|x64.Build.0 = Release|Any CPU
		{ECB3C4BC-DD51-43BF-A99F-37BFD9AA8F30}.Release|x86.ActiveCfg = Release|Any CPU
		{ECB3C4BC-DD51-43BF-A99F-37BFD9AA8F30}.Release|x86.Build.0 = Release|Any CPU
		{7377C101-411A-41D8-996B-61AABC3E827E}.Debug|Any CPU.ActiveCfg = Debug|Any CPU
		{7377C101-411A-41D8-996B-61AABC3E827E}.Debug|Any CPU.Build.0 = Debug|Any CPU
		{7377C101-411A-41D8-996B-61AABC3E827E}.Debug|x64.ActiveCfg = Debug|Any CPU
		{7377C101-411A-41D8-996B-61AABC3E827E}.Debug|x64.Build.0 = Debug|Any CPU
		{7377C101-411A-41D8-996B-61AABC3E827E}.Debug|x86.ActiveCfg = Debug|Any CPU
		{7377C101-411A-41D8-996B-61AABC3E827E}.Debug|x86.Build.0 = Debug|Any CPU
		{7377C101-411A-41D8-996B-61AABC3E827E}.Release|Any CPU.ActiveCfg = Release|Any CPU
		{7377C101-411A-41D8-996B-61AABC3E827E}.Release|Any CPU.Build.0 = Release|Any CPU
		{7377C101-411A-41D8-996B-61AABC3E827E}.Release|x64.ActiveCfg = Release|Any CPU
		{7377C101-411A-41D8-996B-61AABC3E827E}.Release|x64.Build.0 = Release|Any CPU
		{7377C101-411A-41D8-996B-61AABC3E827E}.Release|x86.ActiveCfg = Release|Any CPU
		{7377C101-411A-41D8-996B-61AABC3E827E}.Release|x86.Build.0 = Release|Any CPU
		{C995DDE9-AA4A-4B27-90D8-FE9BD968D25C}.Debug|Any CPU.ActiveCfg = Debug|Any CPU
		{C995DDE9-AA4A-4B27-90D8-FE9BD968D25C}.Debug|Any CPU.Build.0 = Debug|Any CPU
		{C995DDE9-AA4A-4B27-90D8-FE9BD968D25C}.Debug|x64.ActiveCfg = Debug|Any CPU
		{C995DDE9-AA4A-4B27-90D8-FE9BD968D25C}.Debug|x64.Build.0 = Debug|Any CPU
		{C995DDE9-AA4A-4B27-90D8-FE9BD968D25C}.Debug|x86.ActiveCfg = Debug|Any CPU
		{C995DDE9-AA4A-4B27-90D8-FE9BD968D25C}.Debug|x86.Build.0 = Debug|Any CPU
		{C995DDE9-AA4A-4B27-90D8-FE9BD968D25C}.Release|Any CPU.ActiveCfg = Release|Any CPU
		{C995DDE9-AA4A-4B27-90D8-FE9BD968D25C}.Release|Any CPU.Build.0 = Release|Any CPU
		{C995DDE9-AA4A-4B27-90D8-FE9BD968D25C}.Release|x64.ActiveCfg = Release|Any CPU
		{C995DDE9-AA4A-4B27-90D8-FE9BD968D25C}.Release|x64.Build.0 = Release|Any CPU
		{C995DDE9-AA4A-4B27-90D8-FE9BD968D25C}.Release|x86.ActiveCfg = Release|Any CPU
		{C995DDE9-AA4A-4B27-90D8-FE9BD968D25C}.Release|x86.Build.0 = Release|Any CPU
	EndGlobalSection
EndGlobal
